
Microsoft Visual Studio Solution File, Format Version 12.00
# Visual Studio Version 17
VisualStudioVersion = 17.8.34322.80
MinimumVisualStudioVersion = 10.0.40219.1
Project("{2150E333-8FDC-42A3-9474-1A3956D46DE8}") = "Domain", "Domain", "{F4FF4FC0-44EB-4BDE-A9C4-089FC9D00A24}"
EndProject
Project("{2150E333-8FDC-42A3-9474-1A3956D46DE8}") = "Infra.Bus", "Infra.Bus", "{7E3FF7CC-0518-497A-AEC2-57A3A0D2E1B9}"
EndProject
Project("{2150E333-8FDC-42A3-9474-1A3956D46DE8}") = "Infra.IoC", "Infra.IoC", "{63D85802-1DAF-4B03-AE84-AF767E96B895}"
EndProject
Project("{2150E333-8FDC-42A3-9474-1A3956D46DE8}") = "Presentation", "Presentation", "{E3E51E73-1218-497C-A178-3D1CC9C0E0EE}"
EndProject
Project("{2150E333-8FDC-42A3-9474-1A3956D46DE8}") = "MicroServices", "MicroServices", "{5E2F82CC-7625-4036-9383-BC6A23DAF8C4}"
EndProject
Project("{FAE04EC0-301F-11D3-BF4B-00C04F79EFBC}") = "MicroRabbit.Domain.Core", "MicroRabbit.Domain.Core\MicroRabbit.Domain.Core.csproj", "{031D094F-9AF7-4223-AEC0-30CA6B1CCE2F}"
EndProject
Global
	GlobalSection(SolutionConfigurationPlatforms) = preSolution
		Debug|Any CPU = Debug|Any CPU
		Release|Any CPU = Release|Any CPU
	EndGlobalSection
	GlobalSection(ProjectConfigurationPlatforms) = postSolution
		{031D094F-9AF7-4223-AEC0-30CA6B1CCE2F}.Debug|Any CPU.ActiveCfg = Debug|Any CPU
		{031D094F-9AF7-4223-AEC0-30CA6B1CCE2F}.Debug|Any CPU.Build.0 = Debug|Any CPU
		{031D094F-9AF7-4223-AEC0-30CA6B1CCE2F}.Release|Any CPU.ActiveCfg = Release|Any CPU
		{031D094F-9AF7-4223-AEC0-30CA6B1CCE2F}.Release|Any CPU.Build.0 = Release|Any CPU
	EndGlobalSection
	GlobalSection(SolutionProperties) = preSolution
		HideSolutionNode = FALSE
	EndGlobalSection
	GlobalSection(NestedProjects) = preSolution
		{031D094F-9AF7-4223-AEC0-30CA6B1CCE2F} = {F4FF4FC0-44EB-4BDE-A9C4-089FC9D00A24}
	EndGlobalSection
	GlobalSection(ExtensibilityGlobals) = postSolution
		SolutionGuid = {F085FD71-54D0-4A64-A0A7-1FB3B4951ACC}
	EndGlobalSection
EndGlobal
